{
  "name": "shruva-network",
  "lockfileVersion": 3,
  "requires": true,
  "packages": {
    "": {
      "name": "shruva-network",
      "license": "MIT",
      "dependencies": {
        "tailwindcss": "^4.0.0"
      },
      "devDependencies": {}
    },
    "node_modules/tailwindcss": {
      "version": "4.0.0",
      "resolved": "https://registry.npmjs.org/tailwindcss/-/tailwindcss-4.0.0.tgz",
      "integrity": "sha512-WH8h95DkYReD3Fc25+5+BoMUyNZAlBxjlYlLp4L25ZAIkp+x/XqH6pXmhOBQ/3PyZ1P7yRsD08MY+hPAAfR4EQ==",
      "license": "MIT"
    }
  }
}
